
Microsoft Visual Studio Solution File, Format Version 12.00
# Visual Studio Version 16
VisualStudioVersion = 16.0.31624.102
MinimumVisualStudioVersion = 10.0.40219.1
Project("{FAE04EC0-301F-11D3-BF4B-00C04F79EFBC}") = "ClassLibrary1", "ClassLibrary1\ClassLibrary1.csproj", "{4792E0D7-AED3-46C3-ACC2-11304835A750}"
EndProject
Global
	GlobalSection(SolutionConfigurationPlatforms) = preSolution
		Debug|Any CPU = Debug|Any CPU
		Release|Any CPU = Release|Any CPU
	EndGlobalSection
	GlobalSection(ProjectConfigurationPlatforms) = postSolution
		{4792E0D7-AED3-46C3-ACC2-11304835A750}.Debug|Any CPU.ActiveCfg = Debug|Any CPU
		{4792E0D7-AED3-46C3-ACC2-11304835A750}.Debug|Any CPU.Build.0 = Debug|Any CPU
		{4792E0D7-AED3-46C3-ACC2-11304835A750}.Release|Any CPU.ActiveCfg = Release|Any CPU
		{4792E0D7-AED3-46C3-ACC2-11304835A750}.Release|Any CPU.Build.0 = Release|Any CPU
	EndGlobalSection
	GlobalSection(SolutionProperties) = preSolution
		HideSolutionNode = FALSE
	EndGlobalSection
	GlobalSection(ExtensibilityGlobals) = postSolution
		SolutionGuid = {BC12B08D-9436-480F-879E-370F2D5D1127}
	EndGlobalSection
EndGlobal
